
Microsoft Visual Studio Solution File, Format Version 12.00
# Visual Studio Version 17
VisualStudioVersion = 17.2.32505.173
MinimumVisualStudioVersion = 10.0.40219.1
Project("{9A19103F-16F7-4668-BE54-9A1E7A4F7556}") = "NatTypeTester", "NatTypeTester\NatTypeTester.csproj", "{B5104123-EB01-4079-8865-2A99DD91DC24}"
EndProject
Project("{9A19103F-16F7-4668-BE54-9A1E7A4F7556}") = "STUN", "STUN\STUN.csproj", "{BF8F4960-AA76-4A0F-BA6D-EDF26DEFB9CA}"
EndProject
Project("{9A19103F-16F7-4668-BE54-9A1E7A4F7556}") = "UnitTest", "UnitTest\UnitTest.csproj", "{AA8AF9BF-5CFB-4725-B42A-7B3B3890A279}"
EndProject
Project("{9A19103F-16F7-4668-BE54-9A1E7A4F7556}") = "NatTypeTester.ViewModels", "NatTypeTester.ViewModels\NatTypeTester.ViewModels.csproj", "{D7626B0E-17B0-4743-888F-A32797442750}"
EndProject
Project("{9A19103F-16F7-4668-BE54-9A1E7A4F7556}") = "NatTypeTester.Models", "NatTypeTester.Models\NatTypeTester.Models.csproj", "{FC61BC61-E24B-4E78-ABA4-C6CB6C05EFC2}"
EndProject
Project("{9A19103F-16F7-4668-BE54-9A1E7A4F7556}") = "NatTypeTester.WinUI", "NatTypeTester.WinUI\NatTypeTester.WinUI.csproj", "{04F5A9FE-6272-41FE-9E91-C27A718BB97E}"
EndProject
Project("{2150E333-8FDC-42A3-9474-1A3956D46DE8}") = "Solution Items", "Solution Items", "{D4C320A3-E2E1-4AC5-B587-46BA65247A4D}"
	ProjectSection(SolutionItems) = preProject
		.editorconfig = .editorconfig
		.gitignore = .gitignore
		build.ps1 = build.ps1
		build.WinUI.ps1 = build.WinUI.ps1
		common.props = common.props
		Build\DotNetDllPathPatcher.ps1 = Build\DotNetDllPathPatcher.ps1
		LICENSE = LICENSE
		NuGet.Config = NuGet.Config
		README.md = README.md
	EndProjectSection
EndProject
Global
	GlobalSection(SolutionConfigurationPlatforms) = preSolution
		Debug|Any CPU = Debug|Any CPU
		Debug|ARM64 = Debug|ARM64
		Debug|x64 = Debug|x64
		Release|Any CPU = Release|Any CPU
		Release|ARM64 = Release|ARM64
		Release|x64 = Release|x64
	EndGlobalSection
	GlobalSection(ProjectConfigurationPlatforms) = postSolution
		{B5104123-EB01-4079-8865-2A99DD91DC24}.Debug|Any CPU.ActiveCfg = Debug|Any CPU
		{B5104123-EB01-4079-8865-2A99DD91DC24}.Debug|Any CPU.Build.0 = Debug|Any CPU
		{B5104123-EB01-4079-8865-2A99DD91DC24}.Debug|ARM64.ActiveCfg = Debug|Any CPU
		{B5104123-EB01-4079-8865-2A99DD91DC24}.Debug|ARM64.Build.0 = Debug|Any CPU
		{B5104123-EB01-4079-8865-2A99DD91DC24}.Debug|x64.ActiveCfg = Debug|Any CPU
		{B5104123-EB01-4079-8865-2A99DD91DC24}.Debug|x64.Build.0 = Debug|Any CPU
		{B5104123-EB01-4079-8865-2A99DD91DC24}.Release|Any CPU.ActiveCfg = Release|Any CPU
		{B5104123-EB01-4079-8865-2A99DD91DC24}.Release|Any CPU.Build.0 = Release|Any CPU
		{B5104123-EB01-4079-8865-2A99DD91DC24}.Release|ARM64.ActiveCfg = Release|Any CPU
		{B5104123-EB01-4079-8865-2A99DD91DC24}.Release|ARM64.Build.0 = Release|Any CPU
		{B5104123-EB01-4079-8865-2A99DD91DC24}.Release|x64.ActiveCfg = Release|Any CPU
		{B5104123-EB01-4079-8865-2A99DD91DC24}.Release|x64.Build.0 = Release|Any CPU
		{BF8F4960-AA76-4A0F-BA6D-EDF26DEFB9CA}.Debug|Any CPU.ActiveCfg = Debug|Any CPU
		{BF8F4960-AA76-4A0F-BA6D-EDF26DEFB9CA}.Debug|Any CPU.Build.0 = Debug|Any CPU
		{BF8F4960-AA76-4A0F-BA6D-EDF26DEFB9CA}.Debug|ARM64.ActiveCfg = Debug|Any CPU
		{BF8F4960-AA76-4A0F-BA6D-EDF26DEFB9CA}.Debug|ARM64.Build.0 = Debug|Any CPU
		{BF8F4960-AA76-4A0F-BA6D-EDF26DEFB9CA}.Debug|x64.ActiveCfg = Debug|Any CPU
		{BF8F4960-AA76-4A0F-BA6D-EDF26DEFB9CA}.Debug|x64.Build.0 = Debug|Any CPU
		{BF8F4960-AA76-4A0F-BA6D-EDF26DEFB9CA}.Release|Any CPU.ActiveCfg = Release|Any CPU
		{BF8F4960-AA76-4A0F-BA6D-EDF26DEFB9CA}.Release|Any CPU.Build.0 = Release|Any CPU
		{BF8F4960-AA76-4A0F-BA6D-EDF26DEFB9CA}.Release|ARM64.ActiveCfg = Release|Any CPU
		{BF8F4960-AA76-4A0F-BA6D-EDF26DEFB9CA}.Release|ARM64.Build.0 = Release|Any CPU
		{BF8F4960-AA76-4A0F-BA6D-EDF26DEFB9CA}.Release|x64.ActiveCfg = Release|Any CPU
		{BF8F4960-AA76-4A0F-BA6D-EDF26DEFB9CA}.Release|x64.Build.0 = Release|Any CPU
		{AA8AF9BF-5CFB-4725-B42A-7B3B3890A279}.Debug|Any CPU.ActiveCfg = Debug|Any CPU
		{AA8AF9BF-5CFB-4725-B42A-7B3B3890A279}.Debug|Any CPU.Build.0 = Debug|Any CPU
		{AA8AF9BF-5CFB-4725-B42A-7B3B3890A279}.Debug|ARM64.ActiveCfg = Debug|Any CPU
		{AA8AF9BF-5CFB-4725-B42A-7B3B3890A279}.Debug|ARM64.Build.0 = Debug|Any CPU
		{AA8AF9BF-5CFB-4725-B42A-7B3B3890A279}.Debug|x64.ActiveCfg = Debug|Any CPU
		{AA8AF9BF-5CFB-4725-B42A-7B3B3890A279}.Debug|x64.Build.0 = Debug|Any CPU
		{AA8AF9BF-5CFB-4725-B42A-7B3B3890A279}.Release|Any CPU.ActiveCfg = Release|Any CPU
		{AA8AF9BF-5CFB-4725-B42A-7B3B3890A279}.Release|Any CPU.Build.0 = Release|Any CPU
		{AA8AF9BF-5CFB-4725-B42A-7B3B3890A279}.Release|ARM64.ActiveCfg = Release|Any CPU
		{AA8AF9BF-5CFB-4725-B42A-7B3B3890A279}.Release|ARM64.Build.0 = Release|Any CPU
		{AA8AF9BF-5CFB-4725-B42A-7B3B3890A279}.Release|x64.ActiveCfg = Release|Any CPU
		{AA8AF9BF-5CFB-4725-B42A-7B3B3890A279}.Release|x64.Build.0 = Release|Any CPU
		{D7626B0E-17B0-4743-888F-A32797442750}.Debug|Any CPU.ActiveCfg = Debug|Any CPU
		{D7626B0E-17B0-4743-888F-A32797442750}.Debug|Any CPU.Build.0 = Debug|Any CPU
		{D7626B0E-17B0-4743-888F-A32797442750}.Debug|ARM64.ActiveCfg = Debug|Any CPU
		{D7626B0E-17B0-4743-888F-A32797442750}.Debug|ARM64.Build.0 = Debug|Any CPU
		{D7626B0E-17B0-4743-888F-A32797442750}.Debug|x64.ActiveCfg = Debug|Any CPU
		{D7626B0E-17B0-4743-888F-A32797442750}.Debug|x64.Build.0 = Debug|Any CPU
		{D7626B0E-17B0-4743-888F-A32797442750}.Release|Any CPU.ActiveCfg = Release|Any CPU
		{D7626B0E-17B0-4743-888F-A32797442750}.Release|Any CPU.Build.0 = Release|Any CPU
		{D7626B0E-17B0-4743-888F-A32797442750}.Release|ARM64.ActiveCfg = Release|Any CPU
		{D7626B0E-17B0-4743-888F-A32797442750}.Release|ARM64.Build.0 = Release|Any CPU
		{D7626B0E-17B0-4743-888F-A32797442750}.Release|x64.ActiveCfg = Release|Any CPU
		{D7626B0E-17B0-4743-888F-A32797442750}.Release|x64.Build.0 = Release|Any CPU
		{FC61BC61-E24B-4E78-ABA4-C6CB6C05EFC2}.Debug|Any CPU.ActiveCfg = Debug|Any CPU
		{FC61BC61-E24B-4E78-ABA4-C6CB6C05EFC2}.Debug|Any CPU.Build.0 = Debug|Any CPU
		{FC61BC61-E24B-4E78-ABA4-C6CB6C05EFC2}.Debug|ARM64.ActiveCfg = Debug|Any CPU
		{FC61BC61-E24B-4E78-ABA4-C6CB6C05EFC2}.Debug|ARM64.Build.0 = Debug|Any CPU
		{FC61BC61-E24B-4E78-ABA4-C6CB6C05EFC2}.Debug|x64.ActiveCfg = Debug|Any CPU
		{FC61BC61-E24B-4E78-ABA4-C6CB6C05EFC2}.Debug|x64.Build.0 = Debug|Any CPU
		{FC61BC61-E24B-4E78-ABA4-C6CB6C05EFC2}.Release|Any CPU.ActiveCfg = Release|Any CPU
		{FC61BC61-E24B-4E78-ABA4-C6CB6C05EFC2}.Release|Any CPU.Build.0 = Release|Any CPU
		{FC61BC61-E24B-4E78-ABA4-C6CB6C05EFC2}.Release|ARM64.ActiveCfg = Release|Any CPU
		{FC61BC61-E24B-4E78-ABA4-C6CB6C05EFC2}.Release|ARM64.Build.0 = Release|Any CPU
		{FC61BC61-E24B-4E78-ABA4-C6CB6C05EFC2}.Release|x64.ActiveCfg = Release|Any CPU
		{FC61BC61-E24B-4E78-ABA4-C6CB6C05EFC2}.Release|x64.Build.0 = Release|Any CPU
		{04F5A9FE-6272-41FE-9E91-C27A718BB97E}.Debug|Any CPU.ActiveCfg = Debug|x64
		{04F5A9FE-6272-41FE-9E91-C27A718BB97E}.Debug|Any CPU.Build.0 = Debug|x64
		{04F5A9FE-6272-41FE-9E91-C27A718BB97E}.Debug|Any CPU.Deploy.0 = Debug|x64
		{04F5A9FE-6272-41FE-9E91-C27A718BB97E}.Debug|ARM64.ActiveCfg = Debug|ARM64
		{04F5A9FE-6272-41FE-9E91-C27A718BB97E}.Debug|ARM64.Build.0 = Debug|ARM64
		{04F5A9FE-6272-41FE-9E91-C27A718BB97E}.Debug|ARM64.Deploy.0 = Debug|ARM64
		{04F5A9FE-6272-41FE-9E91-C27A718BB97E}.Debug|x64.ActiveCfg = Debug|x64
		{04F5A9FE-6272-41FE-9E91-C27A718BB97E}.Debug|x64.Build.0 = Debug|x64
		{04F5A9FE-6272-41FE-9E91-C27A718BB97E}.Debug|x64.Deploy.0 = Debug|x64
		{04F5A9FE-6272-41FE-9E91-C27A718BB97E}.Release|Any CPU.ActiveCfg = Release|x64
		{04F5A9FE-6272-41FE-9E91-C27A718BB97E}.Release|Any CPU.Build.0 = Release|x64
		{04F5A9FE-6272-41FE-9E91-C27A718BB97E}.Release|Any CPU.Deploy.0 = Release|x64
		{04F5A9FE-6272-41FE-9E91-C27A718BB97E}.Release|ARM64.ActiveCfg = Release|ARM64
		{04F5A9FE-6272-41FE-9E91-C27A718BB97E}.Release|ARM64.Build.0 = Release|ARM64
		{04F5A9FE-6272-41FE-9E91-C27A718BB97E}.Release|ARM64.Deploy.0 = Release|ARM64
		{04F5A9FE-6272-41FE-9E91-C27A718BB97E}.Release|x64.ActiveCfg = Release|x64
		{04F5A9FE-6272-41FE-9E91-C27A718BB97E}.Release|x64.Build.0 = Release|x64
		{04F5A9FE-6272-41FE-9E91-C27A718BB97E}.Release|x64.Deploy.0 = Release|x64
	EndGlobalSection
	GlobalSection(SolutionProperties) = preSolution
		HideSolutionNode = FALSE
	EndGlobalSection
	GlobalSection(ExtensibilityGlobals) = postSolution
		SolutionGuid = {33995111-4F80-430F-A0A9-500C1184F158}
	EndGlobalSection
EndGlobal
